
Microsoft Visual Studio Solution File, Format Version 12.00
# Visual Studio 15
VisualStudioVersion = 15.0.27428.2027
MinimumVisualStudioVersion = 10.0.40219.1
Project("{FAE04EC0-301F-11D3-BF4B-00C04F79EFBC}") = "GameManager", "GameManager\GameManager.csproj", "{DF65EAD9-8492-4340-B590-5477CE15839A}"
	ProjectSection(ProjectDependencies) = postProject
		{23630FCA-7D6B-4097-86B1-69A835F55977} = {23630FCA-7D6B-4097-86B1-69A835F55977}
	EndProjectSection
EndProject
Project("{FAE04EC0-301F-11D3-BF4B-00C04F79EFBC}") = "Preloader", "Preloader\Preloader.csproj", "{23630FCA-7D6B-4097-86B1-69A835F55977}"
EndProject
Global
	GlobalSection(SolutionConfigurationPlatforms) = preSolution
		Debug|Any CPU = Debug|Any CPU
		Release|Any CPU = Release|Any CPU
	EndGlobalSection
	GlobalSection(ProjectConfigurationPlatforms) = postSolution
		{DF65EAD9-8492-4340-B590-5477CE15839A}.Debug|Any CPU.ActiveCfg = Debug|Any CPU
		{DF65EAD9-8492-4340-B590-5477CE15839A}.Debug|Any CPU.Build.0 = Debug|Any CPU
		{DF65EAD9-8492-4340-B590-5477CE15839A}.Release|Any CPU.ActiveCfg = Release|Any CPU
		{DF65EAD9-8492-4340-B590-5477CE15839A}.Release|Any CPU.Build.0 = Release|Any CPU
		{23630FCA-7D6B-4097-86B1-69A835F55977}.Debug|Any CPU.ActiveCfg = Debug|Any CPU
		{23630FCA-7D6B-4097-86B1-69A835F55977}.Debug|Any CPU.Build.0 = Debug|Any CPU
		{23630FCA-7D6B-4097-86B1-69A835F55977}.Release|Any CPU.ActiveCfg = Release|Any CPU
		{23630FCA-7D6B-4097-86B1-69A835F55977}.Release|Any CPU.Build.0 = Release|Any CPU
	EndGlobalSection
	GlobalSection(SolutionProperties) = preSolution
		HideSolutionNode = FALSE
	EndGlobalSection
	GlobalSection(ExtensibilityGlobals) = postSolution
		SolutionGuid = {50DB8E11-2B29-46CD-B14E-58C9791088F9}
	EndGlobalSection
EndGlobal
