
Microsoft Visual Studio Solution File, Format Version 12.00
# Visual Studio 15
VisualStudioVersion = 15.0.27428.2027
MinimumVisualStudioVersion = 10.0.40219.1
Project("{FAE04EC0-301F-11D3-BF4B-00C04F79EFBC}") = "PlanningAgent", "PlanningAgent.csproj", "{312CC65E-AB35-4DB2-9ED3-FB02A013D687}"
EndProject
Project("{FAE04EC0-301F-11D3-BF4B-00C04F79EFBC}") = "AgentTestHarness", "..\AgentTestHarness\AgentTestHarness.csproj", "{7B15EBBC-5407-4961-A1AE-314E78E5FEB7}"
EndProject
Project("{FAE04EC0-301F-11D3-BF4B-00C04F79EFBC}") = "PlanningAgent.Tests", "..\PlanningAgent.Tests\PlanningAgent.Tests.csproj", "{AB427EF7-7DCB-4E13-AB4E-B417A243B981}"
EndProject
Global
	GlobalSection(SolutionConfigurationPlatforms) = preSolution
		Debug|Any CPU = Debug|Any CPU
		Debug|x64 = Debug|x64
		Debug|x86 = Debug|x86
		Release|Any CPU = Release|Any CPU
		Release|x64 = Release|x64
		Release|x86 = Release|x86
	EndGlobalSection
	GlobalSection(ProjectConfigurationPlatforms) = postSolution
		{312CC65E-AB35-4DB2-9ED3-FB02A013D687}.Debug|Any CPU.ActiveCfg = Debug|Any CPU
		{312CC65E-AB35-4DB2-9ED3-FB02A013D687}.Debug|Any CPU.Build.0 = Debug|Any CPU
		{312CC65E-AB35-4DB2-9ED3-FB02A013D687}.Debug|x64.ActiveCfg = Debug|Any CPU
		{312CC65E-AB35-4DB2-9ED3-FB02A013D687}.Debug|x64.Build.0 = Debug|Any CPU
		{312CC65E-AB35-4DB2-9ED3-FB02A013D687}.Debug|x86.ActiveCfg = Debug|Any CPU
		{312CC65E-AB35-4DB2-9ED3-FB02A013D687}.Debug|x86.Build.0 = Debug|Any CPU
		{312CC65E-AB35-4DB2-9ED3-FB02A013D687}.Release|Any CPU.ActiveCfg = Release|Any CPU
		{312CC65E-AB35-4DB2-9ED3-FB02A013D687}.Release|Any CPU.Build.0 = Release|Any CPU
		{312CC65E-AB35-4DB2-9ED3-FB02A013D687}.Release|x64.ActiveCfg = Release|Any CPU
		{312CC65E-AB35-4DB2-9ED3-FB02A013D687}.Release|x64.Build.0 = Release|Any CPU
		{312CC65E-AB35-4DB2-9ED3-FB02A013D687}.Release|x86.ActiveCfg = Release|Any CPU
		{312CC65E-AB35-4DB2-9ED3-FB02A013D687}.Release|x86.Build.0 = Release|Any CPU
		{7B15EBBC-5407-4961-A1AE-314E78E5FEB7}.Debug|Any CPU.ActiveCfg = Debug|Any CPU
		{7B15EBBC-5407-4961-A1AE-314E78E5FEB7}.Debug|Any CPU.Build.0 = Debug|Any CPU
		{7B15EBBC-5407-4961-A1AE-314E78E5FEB7}.Debug|x64.ActiveCfg = Debug|Any CPU
		{7B15EBBC-5407-4961-A1AE-314E78E5FEB7}.Debug|x64.Build.0 = Debug|Any CPU
		{7B15EBBC-5407-4961-A1AE-314E78E5FEB7}.Debug|x86.ActiveCfg = Debug|Any CPU
		{7B15EBBC-5407-4961-A1AE-314E78E5FEB7}.Debug|x86.Build.0 = Debug|Any CPU
		{7B15EBBC-5407-4961-A1AE-314E78E5FEB7}.Release|Any CPU.ActiveCfg = Release|Any CPU
		{7B15EBBC-5407-4961-A1AE-314E78E5FEB7}.Release|Any CPU.Build.0 = Release|Any CPU
		{7B15EBBC-5407-4961-A1AE-314E78E5FEB7}.Release|x64.ActiveCfg = Release|Any CPU
		{7B15EBBC-5407-4961-A1AE-314E78E5FEB7}.Release|x64.Build.0 = Release|Any CPU
		{7B15EBBC-5407-4961-A1AE-314E78E5FEB7}.Release|x86.ActiveCfg = Release|Any CPU
		{7B15EBBC-5407-4961-A1AE-314E78E5FEB7}.Release|x86.Build.0 = Release|Any CPU
		{AB427EF7-7DCB-4E13-AB4E-B417A243B981}.Debug|Any CPU.ActiveCfg = Debug|Any CPU
		{AB427EF7-7DCB-4E13-AB4E-B417A243B981}.Debug|Any CPU.Build.0 = Debug|Any CPU
		{AB427EF7-7DCB-4E13-AB4E-B417A243B981}.Debug|x64.ActiveCfg = Debug|Any CPU
		{AB427EF7-7DCB-4E13-AB4E-B417A243B981}.Debug|x64.Build.0 = Debug|Any CPU
		{AB427EF7-7DCB-4E13-AB4E-B417A243B981}.Debug|x86.ActiveCfg = Debug|Any CPU
		{AB427EF7-7DCB-4E13-AB4E-B417A243B981}.Debug|x86.Build.0 = Debug|Any CPU
		{AB427EF7-7DCB-4E13-AB4E-B417A243B981}.Release|Any CPU.ActiveCfg = Release|Any CPU
		{AB427EF7-7DCB-4E13-AB4E-B417A243B981}.Release|Any CPU.Build.0 = Release|Any CPU
		{AB427EF7-7DCB-4E13-AB4E-B417A243B981}.Release|x64.ActiveCfg = Release|Any CPU
		{AB427EF7-7DCB-4E13-AB4E-B417A243B981}.Release|x64.Build.0 = Release|Any CPU
		{AB427EF7-7DCB-4E13-AB4E-B417A243B981}.Release|x86.ActiveCfg = Release|Any CPU
		{AB427EF7-7DCB-4E13-AB4E-B417A243B981}.Release|x86.Build.0 = Release|Any CPU
	EndGlobalSection
	GlobalSection(SolutionProperties) = preSolution
		HideSolutionNode = FALSE
	EndGlobalSection
	GlobalSection(ExtensibilityGlobals) = postSolution
		SolutionGuid = {374384D8-5DC0-4A83-B401-45F197C7D7F8}
	EndGlobalSection
EndGlobal
